# THIS IS AN AUTOGENERATED FILE. DO NOT EDIT THIS FILE DIRECTLY.
# yarn lockfile v1


"@babel/helper-validator-identifier@^7.14.0":
  version "7.14.0"
  resolved "https://registry.yarnpkg.com/@babel/helper-validator-identifier/-/helper-validator-identifier-7.14.0.tgz#d26cad8a47c65286b15df1547319a5d0bcf27288"
  integrity sha512-V3ts7zMSu5lfiwWDVWzRDGIN+lnCEUdaXgtVHJgLb1rGaA6jMrtB9EmE7L18foXJIE8Un/A/h6NJfGQp/e1J4A==

"@babel/parser@^7.11.5":
  version "7.14.0"
  resolved "https://registry.yarnpkg.com/@babel/parser/-/parser-7.14.0.tgz#2f0ebfed92bcddcc8395b91f1895191ce2760380"
  integrity sha512-AHbfoxesfBALg33idaTBVUkLnfXtsgvJREf93p4p0Lwsz4ppfE7g1tpEXVm4vrxUcH4DVhAa9Z1m1zqf9WUC7Q==

"@babel/types@^7.11.5":
  version "7.14.0"
  resolved "https://registry.yarnpkg.com/@babel/types/-/types-7.14.0.tgz#3fc3fc74e0cdad878182e5f66cc6bcab1915a802"
  integrity sha512-O2LVLdcnWplaGxiPBz12d0HcdN8QdxdsWYhz5LSeuukV/5mn2xUUc3gBeU4QBYPJ18g/UToe8F532XJ608prmg==
  dependencies:
    "@babel/helper-validator-identifier" "^7.14.0"
    to-fast-properties "^2.0.0"

"@vue/compiler-core@3.0.0":
  version "3.0.0"
  resolved "https://registry.yarnpkg.com/@vue/compiler-core/-/compiler-core-3.0.0.tgz#25e4f079cf6c39f83bad23700f814c619105a0f2"
  integrity sha512-XqPC7vdv4rFE77S71oCHmT1K4Ks3WE2Gi6Lr4B5wn0Idmp+NyQQBUHsCNieMDRiEpgtJrw+yOHslrsV0AfAsfQ==
  dependencies:
    "@babel/parser" "^7.11.5"
    "@babel/types" "^7.11.5"
    "@vue/shared" "3.0.0"
    estree-walker "^2.0.1"
    source-map "^0.6.1"

"@vue/compiler-dom@3.0.0":
  version "3.0.0"
  resolved "https://registry.yarnpkg.com/@vue/compiler-dom/-/compiler-dom-3.0.0.tgz#4cbb48fcf1f852daef2babcf9953b681ac463526"
  integrity sha512-ukDEGOP8P7lCPyStuM3F2iD5w2QPgUu2xwCW2XNeqPjFKIlR2xMsWjy4raI/cLjN6W16GtlMFaZdK8tLj5PRog==
  dependencies:
    "@vue/compiler-core" "3.0.0"
    "@vue/shared" "3.0.0"

"@vue/reactivity@3.0.0":
  version "3.0.0"
  resolved "https://registry.yarnpkg.com/@vue/reactivity/-/reactivity-3.0.0.tgz#fd15632a608650ce2a969c721787e27e2c80aa6b"
  integrity sha512-mEGkztGQrAPZRhV7C6PorrpT3+NtuA4dY2QjMzzrW31noKhssWTajRZTwpLF39NBRrF5UU6cp9+1I0FfavMgEQ==
  dependencies:
    "@vue/shared" "3.0.0"

"@vue/runtime-core@3.0.0":
  version "3.0.0"
  resolved "https://registry.yarnpkg.com/@vue/runtime-core/-/runtime-core-3.0.0.tgz#480febf1bfe32798b6abbd71a88f8e8b473a51c2"
  integrity sha512-3ABMLeA0ZbeVNLbGGLXr+pNUwqXILOqz8WCVGfDWwQb+jW114Cm8djOHVVDoqdvRETQvDf8yHSUmpKHZpQuTkA==
  dependencies:
    "@vue/reactivity" "3.0.0"
    "@vue/shared" "3.0.0"

"@vue/runtime-dom@3.0.0":
  version "3.0.0"
  resolved "https://registry.yarnpkg.com/@vue/runtime-dom/-/runtime-dom-3.0.0.tgz#e0d1f7c7e22e1318696014cc3501e06b288c2e11"
  integrity sha512-f312n5w9gK6mVvkDSj6/Xnot1XjlKXzFBYybmoy6ahAVC8ExbQ+LOWti1IZM/adU8VMNdKaw7Q53Hxz3y5jX8g==
  dependencies:
    "@vue/runtime-core" "3.0.0"
    "@vue/shared" "3.0.0"
    csstype "^2.6.8"

"@vue/shared@3.0.0":
  version "3.0.0"
  resolved "https://registry.yarnpkg.com/@vue/shared/-/shared-3.0.0.tgz#ec089236629ecc0f10346b92f101ff4339169f1a"
  integrity sha512-4XWL/avABGxU2E2ZF1eZq3Tj7fvksCMssDZUHOykBIMmh5d+KcAnQMC5XHMhtnA0NAvktYsA2YpdsVwVmhWzvA==

csstype@^2.6.8:
  version "2.6.17"
  resolved "https://registry.yarnpkg.com/csstype/-/csstype-2.6.17.tgz#4cf30eb87e1d1a005d8b6510f95292413f6a1c0e"
  integrity sha512-u1wmTI1jJGzCJzWndZo8mk4wnPTZd1eOIYTYvuEyOQGfmDl3TrabCCfKnOC86FZwW/9djqTl933UF/cS425i9A==

estree-walker@^2.0.1:
  version "2.0.2"
  resolved "https://registry.yarnpkg.com/estree-walker/-/estree-walker-2.0.2.tgz#52f010178c2a4c117a7757cfe942adb7d2da4cac"
  integrity sha512-Rfkk/Mp/DL7JVje3u18FxFujQlTNR2q6QfMSMB7AvCBx91NGj/ba3kCfza0f6dVDbw7YlRf/nDrn7pQrCCyQ/w==

source-map@^0.6.1:
  version "0.6.1"
  resolved "https://registry.yarnpkg.com/source-map/-/source-map-0.6.1.tgz#74722af32e9614e9c287a8d0bbde48b5e2f1a263"
  integrity sha512-UjgapumWlbMhkBgzT7Ykc5YXUT46F0iKu8SGXq0bcwP5dz/h0Plj6enJqjz1Zbq2l5WaqYnrVbwWOWMyF3F47g==

to-fast-properties@^2.0.0:
  version "2.0.0"
  resolved "https://registry.yarnpkg.com/to-fast-properties/-/to-fast-properties-2.0.0.tgz#dc5e698cbd079265bc73e0377681a4e4e83f616e"
  integrity sha1-3F5pjL0HkmW8c+A3doGk5Og/YW4=

typescript@^4.2.4:
  version "4.2.4"
  resolved "https://registry.yarnpkg.com/typescript/-/typescript-4.2.4.tgz#8610b59747de028fda898a8aef0e103f156d0961"
  integrity sha512-V+evlYHZnQkaz8TRBuxTA92yZBPotr5H+WhQ7bD3hZUndx5tGOa1fuCgeSjxAzM1RiN5IzvadIXTVefuuwZCRg==

vue@3.0.0:
  version "3.0.0"
  resolved "https://registry.yarnpkg.com/vue/-/vue-3.0.0.tgz#cfb5df5c34efce319b113a1667d12b74dcfd9c90"
  integrity sha512-ZMrAARZ32sGIaYKr7Fk2GZEBh/VhulSrGxcGBiAvbN4fhjl3tuJyNFbbbLFqGjndbLoBW66I2ECq8ICdvkKdJw==
  dependencies:
    "@vue/compiler-dom" "3.0.0"
    "@vue/runtime-dom" "3.0.0"
    "@vue/shared" "3.0.0"
